[[package]]
name = "maturin"
version = "0.12.6"
description = "Build and publish crates with pyo3, rust-cpython and cffi bindings as well as rust binaries as python packages"
category = "main"
optional = false
python-versions = ">=3.6"

[package.dependencies]
toml = ">=0.10.2,<0.11.0"

[[package]]
name = "numpy"
version = "1.21.1"
description = "NumPy is the fundamental package for array computing with Python."
category = "main"
optional = false
python-versions = ">=3.7"

[[package]]
name = "toml"
version = "0.10.2"
description = "Python Library for Tom's Obvious, Minimal Language"
category = "main"
optional = false
python-versions = ">=2.6, !=3.0.*, !=3.1.*, !=3.2.*"

[[package]]
name = "torch"
version = "1.10.2"
description = "Tensors and Dynamic neural networks in Python with strong GPU acceleration"
category = "main"
optional = false
python-versions = ">=3.6.2"

[package.dependencies]
typing-extensions = "*"

[[package]]
name = "typing-extensions"
version = "4.0.1"
description = "Backported and Experimental Type Hints for Python 3.6+"
category = "main"
optional = false
python-versions = ">=3.6"

[metadata]
lock-version = "1.1"
python-versions = "^3.7"
content-hash = "1da33954b98ac594a6a29dccffb5519f6c038edc897627fecf79d639723dce1d"

[metadata.files]
maturin = [
    {file = "maturin-0.12.6-py3-none-macosx_10_7_x86_64.whl", hash = "sha256:7c36e8ee53fb6f544d8f1b1b480035bf204806494be5aa44394a278b5cf9b522"},
    {file = "maturin-0.12.6-py3-none-macosx_10_9_x86_64.macosx_11_0_arm64.macosx_10_9_universal2.whl", hash = "sha256:90d6ed47fa51d902e0afba0b469652f76e1b0e799af2910712c5dec3d1343003"},
    {file = "maturin-0.12.6-py3-none-manylinux_2_12_i686.manylinux2010_i686.whl", hash = "sha256:8f703e15fefc1424d3d4e65db62364bf930cbc46cf0fdaf44b788f6d895dc8b7"},
    {file = "maturin-0.12.6-py3-none-manylinux_2_17_aarch64.manylinux2014_aarch64.whl", hash = "sha256:d502c69f55e21de00645005aa1e4562979c07e26264e5ca00c0369fac1419b96"},
    {file = "maturin-0.12.6-py3-none-manylinux_2_17_armv7l.manylinux2014_armv7l.whl", hash = "sha256:55b9e04eaa6809ed2b6b62bf56e0cfc9cc700b0824ffa565ff3b6cbcff519a46"},
    {file = "maturin-0.12.6-py3-none-manylinux_2_17_ppc64le.manylinux2014_ppc64le.whl", hash = "sha256:da86507d756c478b0847ae673f49073643d48633d0297cfdf8a1af4205c8cdce"},
    {file = "maturin-0.12.6-py3-none-manylinux_2_17_s390x.manylinux2014_s390x.whl", hash = "sha256:ff18b33ca7453c38868d3a8a74540052f12b5a67de87c8ed409c19ba6aad48f2"},
    {file = "maturin-0.12.6-py3-none-manylinux_2_5_x86_64.manylinux1_x86_64.whl", hash = "sha256:a67e20421d5f9f82f9c22b2fe5aa787b21f2dbbb8456d939b57d6999e02c4ccf"},
    {file = "maturin-0.12.6-py3-none-musllinux_1_1_aarch64.whl", hash = "sha256:52a278cae8905b52be760a01186647c94bb87bd7e5788ff1fa6e8fd53e075f7b"},
    {file = "maturin-0.12.6-py3-none-musllinux_1_1_armv7l.whl", hash = "sha256:ef5fe408f5f1966d80bc78a65288501d721aed5a33a6bfe41c801504f266197d"},
    {file = "maturin-0.12.6-py3-none-musllinux_1_1_i686.whl", hash = "sha256:f0f76f607652be769f2c3f3c41eb82b450901b6e17208c1086fd2e896056f5de"},
    {file = "maturin-0.12.6-py3-none-musllinux_1_1_ppc64le.whl", hash = "sha256:9829673dc54b306dd92ff3e5230a9e6e9704573ff2a4d1289728c277686113be"},
    {file = "maturin-0.12.6-py3-none-musllinux_1_1_x86_64.whl", hash = "sha256:1d77c2ed1ec225a5d013195605f32d8206230da441e1c95eb2627692acf68b44"},
    {file = "maturin-0.12.6-py3-none-win32.whl", hash = "sha256:1ecafea37426a49e2f5369b350c62a76a87ed6fb97d627e08d7349df99099dc8"},
    {file = "maturin-0.12.6-py3-none-win_amd64.whl", hash = "sha256:9c5476aae0d60215039d76d64175791c20741e7b6ab0174b6bb356289029890e"},
    {file = "maturin-0.12.6-py3-none-win_arm64.whl", hash = "sha256:3c28d685e0449f0110b1f5810643eca348a382adffef9cdd1a76cb181e3ddede"},
    {file = "maturin-0.12.6.tar.gz", hash = "sha256:2b14cfae808b45a130e19b2999acea423d2e10e7a29ae2336996ba72ba442ff6"},
]
numpy = [
    {file = "numpy-1.21.1-cp37-cp37m-macosx_10_9_x86_64.whl", hash = "sha256:38e8648f9449a549a7dfe8d8755a5979b45b3538520d1e735637ef28e8c2dc50"},
    {file = "numpy-1.21.1-cp37-cp37m-manylinux_2_12_i686.manylinux2010_i686.whl", hash = "sha256:fd7d7409fa643a91d0a05c7554dd68aa9c9bb16e186f6ccfe40d6e003156e33a"},
    {file = "numpy-1.21.1-cp37-cp37m-manylinux_2_12_x86_64.manylinux2010_x86_64.whl", hash = "sha256:a75b4498b1e93d8b700282dc8e655b8bd559c0904b3910b144646dbbbc03e062"},
    {file = "numpy-1.21.1-cp37-cp37m-manylinux_2_17_aarch64.manylinux2014_aarch64.whl", hash = "sha256:1412aa0aec3e00bc23fbb8664d76552b4efde98fb71f60737c83efbac24112f1"},
    {file = "numpy-1.21.1-cp37-cp37m-manylinux_2_5_i686.manylinux1_i686.whl", hash = "sha256:e46ceaff65609b5399163de5893d8f2a82d3c77d5e56d976c8b5fb01faa6b671"},
    {file = "numpy-1.21.1-cp37-cp37m-manylinux_2_5_x86_64.manylinux1_x86_64.whl", hash = "sha256:c6a2324085dd52f96498419ba95b5777e40b6bcbc20088fddb9e8cbb58885e8e"},
    {file = "numpy-1.21.1-cp37-cp37m-win32.whl", hash = "sha256:73101b2a1fef16602696d133db402a7e7586654682244344b8329cdcbbb82172"},
    {file = "numpy-1.21.1-cp37-cp37m-win_amd64.whl", hash = "sha256:7a708a79c9a9d26904d1cca8d383bf869edf6f8e7650d85dbc77b041e8c5a0f8"},
    {file = "numpy-1.21.1-cp38-cp38-macosx_10_9_universal2.whl", hash = "sha256:95b995d0c413f5d0428b3f880e8fe1660ff9396dcd1f9eedbc311f37b5652e16"},
    {file = "numpy-1.21.1-cp38-cp38-macosx_10_9_x86_64.whl", hash = "sha256:635e6bd31c9fb3d475c8f44a089569070d10a9ef18ed13738b03049280281267"},
    {file = "numpy-1.21.1-cp38-cp38-macosx_11_0_arm64.whl", hash = "sha256:4a3d5fb89bfe21be2ef47c0614b9c9c707b7362386c9a3ff1feae63e0267ccb6"},
    {file = "numpy-1.21.1-cp38-cp38-manylinux_2_12_i686.manylinux2010_i686.whl", hash = "sha256:8a326af80e86d0e9ce92bcc1e65c8ff88297de4fa14ee936cb2293d414c9ec63"},
    {file = "numpy-1.21.1-cp38-cp38-manylinux_2_12_x86_64.manylinux2010_x86_64.whl", hash = "sha256:791492091744b0fe390a6ce85cc1bf5149968ac7d5f0477288f78c89b385d9af"},
    {file = "numpy-1.21.1-cp38-cp38-manylinux_2_17_aarch64.manylinux2014_aarch64.whl", hash = "sha256:0318c465786c1f63ac05d7c4dbcecd4d2d7e13f0959b01b534ea1e92202235c5"},
    {file = "numpy-1.21.1-cp38-cp38-manylinux_2_5_i686.manylinux1_i686.whl", hash = "sha256:9a513bd9c1551894ee3d31369f9b07460ef223694098cf27d399513415855b68"},
    {file = "numpy-1.21.1-cp38-cp38-manylinux_2_5_x86_64.manylinux1_x86_64.whl", hash = "sha256:91c6f5fc58df1e0a3cc0c3a717bb3308ff850abdaa6d2d802573ee2b11f674a8"},
    {file = "numpy-1.21.1-cp38-cp38-win32.whl", hash = "sha256:978010b68e17150db8765355d1ccdd450f9fc916824e8c4e35ee620590e234cd"},
    {file = "numpy-1.21.1-cp38-cp38-win_amd64.whl", hash = "sha256:9749a40a5b22333467f02fe11edc98f022133ee1bfa8ab99bda5e5437b831214"},
    {file = "numpy-1.21.1-cp39-cp39-macosx_10_9_universal2.whl", hash = "sha256:d7a4aeac3b94af92a9373d6e77b37691b86411f9745190d2c351f410ab3a791f"},
    {file = "numpy-1.21.1-cp39-cp39-macosx_10_9_x86_64.whl", hash = "sha256:d9e7912a56108aba9b31df688a4c4f5cb0d9d3787386b87d504762b6754fbb1b"},
    {file = "numpy-1.21.1-cp39-cp39-macosx_11_0_arm64.whl", hash = "sha256:25b40b98ebdd272bc3020935427a4530b7d60dfbe1ab9381a39147834e985eac"},
    {file = "numpy-1.21.1-cp39-cp39-manylinux_2_12_i686.manylinux2010_i686.whl", hash = "sha256:8a92c5aea763d14ba9d6475803fc7904bda7decc2a0a68153f587ad82941fec1"},
    {file = "numpy-1.21.1-cp39-cp39-manylinux_2_12_x86_64.manylinux2010_x86_64.whl", hash = "sha256:05a0f648eb28bae4bcb204e6fd14603de2908de982e761a2fc78efe0f19e96e1"},
    {file = "numpy-1.21.1-cp39-cp39-manylinux_2_17_aarch64.manylinux2014_aarch64.whl", hash = "sha256:f01f28075a92eede918b965e86e8f0ba7b7797a95aa8d35e1cc8821f5fc3ad6a"},
    {file = "numpy-1.21.1-cp39-cp39-win32.whl", hash = "sha256:88c0b89ad1cc24a5efbb99ff9ab5db0f9a86e9cc50240177a571fbe9c2860ac2"},
    {file = "numpy-1.21.1-cp39-cp39-win_amd64.whl", hash = "sha256:01721eefe70544d548425a07c80be8377096a54118070b8a62476866d5208e33"},
    {file = "numpy-1.21.1-pp37-pypy37_pp73-manylinux_2_12_x86_64.manylinux2010_x86_64.whl", hash = "sha256:2d4d1de6e6fb3d28781c73fbde702ac97f03d79e4ffd6598b880b2d95d62ead4"},
    {file = "numpy-1.21.1.zip", hash = "sha256:dff4af63638afcc57a3dfb9e4b26d434a7a602d225b42d746ea7fe2edf1342fd"},
]
toml = [
    {file = "toml-0.10.2-py2.py3-none-any.whl", hash = "sha256:806143ae5bfb6a3c6e736a764057db0e6a0e05e338b5630894a5f779cabb4f9b"},
    {file = "toml-0.10.2.tar.gz", hash = "sha256:b3bda1d108d5dd99f4a20d24d9c348e91c4db7ab1b749200bded2f839ccbe68f"},
]
torch = [
    {file = "torch-1.10.2-cp310-cp310-manylinux2014_aarch64.whl", hash = "sha256:8f3fd2e3ffc3bb867133fdf7fbcc8a0bb2e62a5c0696396f51856f5abf9045a8"},
    {file = "torch-1.10.2-cp36-cp36m-manylinux1_x86_64.whl", hash = "sha256:258a0729fb77a3457d5822d84b536057cd119b08049a8d3c41dc3dcdeb48d56e"},
    {file = "torch-1.10.2-cp36-cp36m-manylinux2014_aarch64.whl", hash = "sha256:935e5ac804c5093c79f23a7e6ca5b912c166071aa9d8b4a0a3d6a85126d6a47b"},
    {file = "torch-1.10.2-cp36-cp36m-win_amd64.whl", hash = "sha256:65fd02ed889c63fd82bf1a440c5a94c1310c29f3e6f9f62add416d34da355d97"},
    {file = "torch-1.10.2-cp36-none-macosx_10_9_x86_64.whl", hash = "sha256:6a81f886823bbd15edc2dc0908fa214070df61c9f7ab8831f0a03630275cca5a"},
    {file = "torch-1.10.2-cp37-cp37m-manylinux1_x86_64.whl", hash = "sha256:3eee3cf53c1f8fb3f1fe107a22025a8501fc6440d14e09599ba7153002531f84"},
    {file = "torch-1.10.2-cp37-cp37m-manylinux2014_aarch64.whl", hash = "sha256:ef99b8cca5f9358119b07956915faf6e7906f433ab4a603c160ae9de88918371"},
    {file = "torch-1.10.2-cp37-cp37m-win_amd64.whl", hash = "sha256:d43bc3f3a2d89ae185ef96d903c935c335219231e57685658648396984e2a67a"},
    {file = "torch-1.10.2-cp37-none-macosx_10_9_x86_64.whl", hash = "sha256:6da1b877880435440a5aa9678ef0f01986d4886416844db1d97ebfb7fd1778d0"},
    {file = "torch-1.10.2-cp38-cp38-manylinux1_x86_64.whl", hash = "sha256:ab77a9f838874f295ed5410c0686fa22547456e0116efb281c66ef5f9d46fe28"},
    {file = "torch-1.10.2-cp38-cp38-manylinux2014_aarch64.whl", hash = "sha256:9ef4c004f9e5168bd1c1930c6aff25fed5b097de81db6271ffbb2e4fb8b89319"},
    {file = "torch-1.10.2-cp38-cp38-win_amd64.whl", hash = "sha256:376fc18407add20daa6bbaaffc5a5e06d733abe53bcbd60ef2532bfed34bc091"},
    {file = "torch-1.10.2-cp38-none-macosx_10_9_x86_64.whl", hash = "sha256:f281438ee99bd72ad65c0bba1026a32e45c3b636bc067fc145ad291e9ea2faab"},
    {file = "torch-1.10.2-cp38-none-macosx_11_0_arm64.whl", hash = "sha256:3592d3dd62b32760c82624e7586222747fe2281240e8653970b35f1d6d4a434c"},
    {file = "torch-1.10.2-cp39-cp39-manylinux1_x86_64.whl", hash = "sha256:fbaf18c1b3e0b31af194a9d853e3739464cf982d279df9d34dd18f1c2a471878"},
    {file = "torch-1.10.2-cp39-cp39-manylinux2014_aarch64.whl", hash = "sha256:97b7b0c667e8b0dd1fc70137a36e0a4841ec10ef850bda60500ad066bef3e2de"},
    {file = "torch-1.10.2-cp39-cp39-win_amd64.whl", hash = "sha256:901b52787baeb2e9e1357ca7037da0028bc6ad743f530e0040ae96ef8e27156c"},
    {file = "torch-1.10.2-cp39-none-macosx_10_9_x86_64.whl", hash = "sha256:5b68e9108bd7ebd99eee941686046c517cfaac5331f757bcf440fe02f2e3ced1"},
    {file = "torch-1.10.2-cp39-none-macosx_11_0_arm64.whl", hash = "sha256:b07ef01e36b716d0d65ca60c4db0ac9d094a0e797d9b55290da4dcda91463b6c"},
]
typing-extensions = [
    {file = "typing_extensions-4.0.1-py3-none-any.whl", hash = "sha256:7f001e5ac290a0c0401508864c7ec868be4e701886d5b573a9528ed3973d9d3b"},
    {file = "typing_extensions-4.0.1.tar.gz", hash = "sha256:4ca091dea149f945ec56afb48dae714f21e8692ef22a395223bcd328961b6a0e"},
]
